// !$*UTF8*$!
{
	archiveVersion = 1;
	classes = {
	};
	objectVersion = 56;
	objects = {

/* Begin PBXBuildFile section */
		0C4A68E52C75C80B00E36B1B /* AppDelegate.swift in Sources */ = {isa = PBXBuildFile; fileRef = 0C4A68E42C75C80B00E36B1B /* AppDelegate.swift */; };
		0C4A68E72C75C80B00E36B1B /* SceneDelegate.swift in Sources */ = {isa = PBXBuildFile; fileRef = 0C4A68E62C75C80B00E36B1B /* SceneDelegate.swift */; };
		0C4A68E92C75C80B00E36B1B /* ViewController.swift in Sources */ = {isa = PBXBuildFile; fileRef = 0C4A68E82C75C80B00E36B1B /* ViewController.swift */; };
		0C4A68EC2C75C80B00E36B1B /* Base in Resources */ = {isa = PBXBuildFile; fileRef = 0C4A68EB2C75C80B00E36B1B /* Base */; };
		0C4A68EE2C75C80C00E36B1B /* Assets.xcassets in Resources */ = {isa = PBXBuildFile; fileRef = 0C4A68ED2C75C80C00E36B1B /* Assets.xcassets */; };
		0C4A68F12C75C80C00E36B1B /* Base in Resources */ = {isa = PBXBuildFile; fileRef = 0C4A68F02C75C80C00E36B1B /* Base */; };
		0C4A68F92C75C9DF00E36B1B /* SplashViewController.swift in Sources */ = {isa = PBXBuildFile; fileRef = 0C4A68F82C75C9DF00E36B1B /* SplashViewController.swift */; };
		0C4A68FB2C75C9EF00E36B1B /* WebViewController.swift in Sources */ = {isa = PBXBuildFile; fileRef = 0C4A68FA2C75C9EF00E36B1B /* WebViewController.swift */; };
		0C4A68FD2C75CA0700E36B1B /* LoginViewController.swift in Sources */ = {isa = PBXBuildFile; fileRef = 0C4A68FC2C75CA0700E36B1B /* LoginViewController.swift */; };
		0C4A68FF2C75CA1400E36B1B /* RegisterViewController.swift in Sources */ = {isa = PBXBuildFile; fileRef = 0C4A68FE2C75CA1400E36B1B /* RegisterViewController.swift */; };
		0C4A69092C75CB5600E36B1B /* DatabaseManager.swift in Sources */ = {isa = PBXBuildFile; fileRef = 0C4A69012C75CB5600E36B1B /* DatabaseManager.swift */; };
		0C4A690D2C75CB5600E36B1B /* SpinnerManager.swift in Sources */ = {isa = PBXBuildFile; fileRef = 0C4A69052C75CB5600E36B1B /* SpinnerManager.swift */; };
		0C4A690E2C75CB5600E36B1B /* StorageManager.swift in Sources */ = {isa = PBXBuildFile; fileRef = 0C4A69062C75CB5600E36B1B /* StorageManager.swift */; };
		0C4A69102C75CC0900E36B1B /* Extensions.swift in Sources */ = {isa = PBXBuildFile; fileRef = 0C4A690F2C75CC0900E36B1B /* Extensions.swift */; };
		0C4A69142C75CCA700E36B1B /* Models.swift in Sources */ = {isa = PBXBuildFile; fileRef = 0C4A69132C75CCA700E36B1B /* Models.swift */; };
		0C4A69162C75CDDF00E36B1B /* GoogleService-Info.plist in Resources */ = {isa = PBXBuildFile; fileRef = 0C4A69152C75CDDF00E36B1B /* GoogleService-Info.plist */; };
		0C4A69182C75D2D100E36B1B /* ProfileViewController.swift in Sources */ = {isa = PBXBuildFile; fileRef = 0C4A69172C75D2D100E36B1B /* ProfileViewController.swift */; };
		0C4A691B2C75D6E200E36B1B /* VolunteerVC.swift in Sources */ = {isa = PBXBuildFile; fileRef = 0C4A691A2C75D6E200E36B1B /* VolunteerVC.swift */; };
		0C4A69212C75DBC600E36B1B /* Buttons.swift in Sources */ = {isa = PBXBuildFile; fileRef = 0C4A69202C75DBC600E36B1B /* Buttons.swift */; };
		0C4A69232C75DCE300E36B1B /* cells.swift in Sources */ = {isa = PBXBuildFile; fileRef = 0C4A69222C75DCE300E36B1B /* cells.swift */; };
		0C4A69252C75E2E800E36B1B /* RequestDetailViewController.swift in Sources */ = {isa = PBXBuildFile; fileRef = 0C4A69242C75E2E800E36B1B /* RequestDetailViewController.swift */; };
		0C4A69272C75ECCD00E36B1B /* BoardsVC.swift in Sources */ = {isa = PBXBuildFile; fileRef = 0C4A69262C75ECCD00E36B1B /* BoardsVC.swift */; };
		0C4A69292C75ED4300E36B1B /* SpecificBoardVC.swift in Sources */ = {isa = PBXBuildFile; fileRef = 0C4A69282C75ED4300E36B1B /* SpecificBoardVC.swift */; };
		0C4A692C2C75F80A00E36B1B /* UserRequestsVC.swift in Sources */ = {isa = PBXBuildFile; fileRef = 0C4A692B2C75F80A00E36B1B /* UserRequestsVC.swift */; };
		0C4A692E2C77295D00E36B1B /* categoriesVC.swift in Sources */ = {isa = PBXBuildFile; fileRef = 0C4A692D2C77295D00E36B1B /* categoriesVC.swift */; };
		0C4A69302C772B3300E36B1B /* CategoryManager.swift in Sources */ = {isa = PBXBuildFile; fileRef = 0C4A692F2C772B3300E36B1B /* CategoryManager.swift */; };
		0C4A69332C7754C700E36B1B /* FilterViewController.swift in Sources */ = {isa = PBXBuildFile; fileRef = 0C4A69322C7754C700E36B1B /* FilterViewController.swift */; };
		0C4A69352C775A3600E36B1B /* DemandVC.swift in Sources */ = {isa = PBXBuildFile; fileRef = 0C4A69342C775A3600E36B1B /* DemandVC.swift */; };
		34547E90026034B2A979B83F /* Pods_OtefIsrael.framework in Frameworks */ = {isa = PBXBuildFile; fileRef = AA02C32146A51409D747CCBA /* Pods_OtefIsrael.framework */; };
/* End PBXBuildFile section */

/* Begin PBXFileReference section */
		041D3326E780D33B84619538 /* Pods-OtefIsrael.release.xcconfig */ = {isa = PBXFileReference; includeInIndex = 1; lastKnownFileType = text.xcconfig; name = "Pods-OtefIsrael.release.xcconfig"; path = "Target Support Files/Pods-OtefIsrael/Pods-OtefIsrael.release.xcconfig"; sourceTree = "<group>"; };
		0C4A68E12C75C80B00E36B1B /* OtefIsrael.app */ = {isa = PBXFileReference; explicitFileType = wrapper.application; includeInIndex = 0; path = OtefIsrael.app; sourceTree = BUILT_PRODUCTS_DIR; };
		0C4A68E42C75C80B00E36B1B /* AppDelegate.swift */ = {isa = PBXFileReference; lastKnownFileType = sourcecode.swift; path = AppDelegate.swift; sourceTree = "<group>"; };
		0C4A68E62C75C80B00E36B1B /* SceneDelegate.swift */ = {isa = PBXFileReference; lastKnownFileType = sourcecode.swift; path = SceneDelegate.swift; sourceTree = "<group>"; };
		0C4A68E82C75C80B00E36B1B /* ViewController.swift */ = {isa = PBXFileReference; lastKnownFileType = sourcecode.swift; path = ViewController.swift; sourceTree = "<group>"; };
		0C4A68EB2C75C80B00E36B1B /* Base */ = {isa = PBXFileReference; lastKnownFileType = file.storyboard; name = Base; path = Base.lproj/Main.storyboard; sourceTree = "<group>"; };
		0C4A68ED2C75C80C00E36B1B /* Assets.xcassets */ = {isa = PBXFileReference; lastKnownFileType = folder.assetcatalog; path = Assets.xcassets; sourceTree = "<group>"; };
		0C4A68F02C75C80C00E36B1B /* Base */ = {isa = PBXFileReference; lastKnownFileType = file.storyboard; name = Base; path = Base.lproj/LaunchScreen.storyboard; sourceTree = "<group>"; };
		0C4A68F22C75C80C00E36B1B /* Info.plist */ = {isa = PBXFileReference; lastKnownFileType = text.plist.xml; path = Info.plist; sourceTree = "<group>"; };
		0C4A68F82C75C9DF00E36B1B /* SplashViewController.swift */ = {isa = PBXFileReference; lastKnownFileType = sourcecode.swift; path = SplashViewController.swift; sourceTree = "<group>"; };
		0C4A68FA2C75C9EF00E36B1B /* WebViewController.swift */ = {isa = PBXFileReference; lastKnownFileType = sourcecode.swift; path = WebViewController.swift; sourceTree = "<group>"; };
		0C4A68FC2C75CA0700E36B1B /* LoginViewController.swift */ = {isa = PBXFileReference; lastKnownFileType = sourcecode.swift; path = LoginViewController.swift; sourceTree = "<group>"; };
		0C4A68FE2C75CA1400E36B1B /* RegisterViewController.swift */ = {isa = PBXFileReference; lastKnownFileType = sourcecode.swift; path = RegisterViewController.swift; sourceTree = "<group>"; };
		0C4A69012C75CB5600E36B1B /* DatabaseManager.swift */ = {isa = PBXFileReference; fileEncoding = 4; lastKnownFileType = sourcecode.swift; path = DatabaseManager.swift; sourceTree = "<group>"; };
		0C4A69052C75CB5600E36B1B /* SpinnerManager.swift */ = {isa = PBXFileReference; fileEncoding = 4; lastKnownFileType = sourcecode.swift; path = SpinnerManager.swift; sourceTree = "<group>"; };
		0C4A69062C75CB5600E36B1B /* StorageManager.swift */ = {isa = PBXFileReference; fileEncoding = 4; lastKnownFileType = sourcecode.swift; path = StorageManager.swift; sourceTree = "<group>"; };
		0C4A690F2C75CC0900E36B1B /* Extensions.swift */ = {isa = PBXFileReference; lastKnownFileType = sourcecode.swift; path = Extensions.swift; sourceTree = "<group>"; };
		0C4A69132C75CCA700E36B1B /* Models.swift */ = {isa = PBXFileReference; lastKnownFileType = sourcecode.swift; path = Models.swift; sourceTree = "<group>"; };
		0C4A69152C75CDDF00E36B1B /* GoogleService-Info.plist */ = {isa = PBXFileReference; fileEncoding = 4; lastKnownFileType = text.plist.xml; path = "GoogleService-Info.plist"; sourceTree = "<group>"; };
		0C4A69172C75D2D100E36B1B /* ProfileViewController.swift */ = {isa = PBXFileReference; lastKnownFileType = sourcecode.swift; path = ProfileViewController.swift; sourceTree = "<group>"; };
		0C4A691A2C75D6E200E36B1B /* VolunteerVC.swift */ = {isa = PBXFileReference; lastKnownFileType = sourcecode.swift; path = VolunteerVC.swift; sourceTree = "<group>"; };
		0C4A69202C75DBC600E36B1B /* Buttons.swift */ = {isa = PBXFileReference; lastKnownFileType = sourcecode.swift; path = Buttons.swift; sourceTree = "<group>"; };
		0C4A69222C75DCE300E36B1B /* cells.swift */ = {isa = PBXFileReference; lastKnownFileType = sourcecode.swift; path = cells.swift; sourceTree = "<group>"; };
		0C4A69242C75E2E800E36B1B /* RequestDetailViewController.swift */ = {isa = PBXFileReference; lastKnownFileType = sourcecode.swift; path = RequestDetailViewController.swift; sourceTree = "<group>"; };
		0C4A69262C75ECCD00E36B1B /* BoardsVC.swift */ = {isa = PBXFileReference; lastKnownFileType = sourcecode.swift; path = BoardsVC.swift; sourceTree = "<group>"; };
		0C4A69282C75ED4300E36B1B /* SpecificBoardVC.swift */ = {isa = PBXFileReference; lastKnownFileType = sourcecode.swift; path = SpecificBoardVC.swift; sourceTree = "<group>"; };
		0C4A692B2C75F80A00E36B1B /* UserRequestsVC.swift */ = {isa = PBXFileReference; lastKnownFileType = sourcecode.swift; path = UserRequestsVC.swift; sourceTree = "<group>"; };
		0C4A692D2C77295D00E36B1B /* categoriesVC.swift */ = {isa = PBXFileReference; lastKnownFileType = sourcecode.swift; path = categoriesVC.swift; sourceTree = "<group>"; };
		0C4A692F2C772B3300E36B1B /* CategoryManager.swift */ = {isa = PBXFileReference; lastKnownFileType = sourcecode.swift; path = CategoryManager.swift; sourceTree = "<group>"; };
		0C4A69322C7754C700E36B1B /* FilterViewController.swift */ = {isa = PBXFileReference; lastKnownFileType = sourcecode.swift; path = FilterViewController.swift; sourceTree = "<group>"; };
		0C4A69342C775A3600E36B1B /* DemandVC.swift */ = {isa = PBXFileReference; lastKnownFileType = sourcecode.swift; path = DemandVC.swift; sourceTree = "<group>"; };
		5F9D2FE6AF2F036AA5B08874 /* Pods-OtefIsrael.debug.xcconfig */ = {isa = PBXFileReference; includeInIndex = 1; lastKnownFileType = text.xcconfig; name = "Pods-OtefIsrael.debug.xcconfig"; path = "Target Support Files/Pods-OtefIsrael/Pods-OtefIsrael.debug.xcconfig"; sourceTree = "<group>"; };
		AA02C32146A51409D747CCBA /* Pods_OtefIsrael.framework */ = {isa = PBXFileReference; explicitFileType = wrapper.framework; includeInIndex = 0; path = Pods_OtefIsrael.framework; sourceTree = BUILT_PRODUCTS_DIR; };
/* End PBXFileReference section */

/* Begin PBXFrameworksBuildPhase section */
		0C4A68DE2C75C80B00E36B1B /* Frameworks */ = {
			isa = PBXFrameworksBuildPhase;
			buildActionMask = 2147483647;
			files = (
				34547E90026034B2A979B83F /* Pods_OtefIsrael.framework in Frameworks */,
			);
			runOnlyForDeploymentPostprocessing = 0;
		};
/* End PBXFrameworksBuildPhase section */

/* Begin PBXGroup section */
		0C4A68D82C75C80B00E36B1B = {
			isa = PBXGroup;
			children = (
				0C4A68E32C75C80B00E36B1B /* OtefIsrael */,
				0C4A68E22C75C80B00E36B1B /* Products */,
				D653390F779ADF1B0D45E45C /* Pods */,
				0CFDA5165DF20CFACF4A56CE /* Frameworks */,
			);
			sourceTree = "<group>";
		};
		0C4A68E22C75C80B00E36B1B /* Products */ = {
			isa = PBXGroup;
			children = (
				0C4A68E12C75C80B00E36B1B /* OtefIsrael.app */,
			);
			name = Products;
			sourceTree = "<group>";
		};
		0C4A68E32C75C80B00E36B1B /* OtefIsrael */ = {
			isa = PBXGroup;
			children = (
				0C4A69312C77335800E36B1B /* Miscellaneous */,
				0C4A69192C75D6BB00E36B1B /* Delegates */,
				0C4A69152C75CDDF00E36B1B /* GoogleService-Info.plist */,
				0C4A69072C75CB5600E36B1B /* Managers */,
				0C4A69112C75CC1C00E36B1B /* ViewControllers */,
				0C4A68EA2C75C80B00E36B1B /* Main.storyboard */,
				0C4A68ED2C75C80C00E36B1B /* Assets.xcassets */,
				0C4A68EF2C75C80C00E36B1B /* LaunchScreen.storyboard */,
				0C4A68F22C75C80C00E36B1B /* Info.plist */,
				0C4A68F82C75C9DF00E36B1B /* SplashViewController.swift */,
				0C4A69342C775A3600E36B1B /* DemandVC.swift */,
			);
			path = OtefIsrael;
			sourceTree = "<group>";
		};
		0C4A69072C75CB5600E36B1B /* Managers */ = {
			isa = PBXGroup;
			children = (
				0C4A69012C75CB5600E36B1B /* DatabaseManager.swift */,
				0C4A69052C75CB5600E36B1B /* SpinnerManager.swift */,
				0C4A69062C75CB5600E36B1B /* StorageManager.swift */,
				0C4A692F2C772B3300E36B1B /* CategoryManager.swift */,
			);
			path = Managers;
			sourceTree = "<group>";
		};
		0C4A69112C75CC1C00E36B1B /* ViewControllers */ = {
			isa = PBXGroup;
			children = (
				0C4A69122C75CC2900E36B1B /* LoginVCs */,
				0C4A692A2C75F41C00E36B1B /* fiveMainVCs */,
				0C4A68FA2C75C9EF00E36B1B /* WebViewController.swift */,
				0C4A691A2C75D6E200E36B1B /* VolunteerVC.swift */,
				0C4A69242C75E2E800E36B1B /* RequestDetailViewController.swift */,
				0C4A69282C75ED4300E36B1B /* SpecificBoardVC.swift */,
				0C4A692D2C77295D00E36B1B /* categoriesVC.swift */,
				0C4A69322C7754C700E36B1B /* FilterViewController.swift */,
			);
			path = ViewControllers;
			sourceTree = "<group>";
		};
		0C4A69122C75CC2900E36B1B /* LoginVCs */ = {
			isa = PBXGroup;
			children = (
				0C4A68FC2C75CA0700E36B1B /* LoginViewController.swift */,
				0C4A68FE2C75CA1400E36B1B /* RegisterViewController.swift */,
			);
			path = LoginVCs;
			sourceTree = "<group>";
		};
		0C4A69192C75D6BB00E36B1B /* Delegates */ = {
			isa = PBXGroup;
			children = (
				0C4A68E62C75C80B00E36B1B /* SceneDelegate.swift */,
				0C4A68E42C75C80B00E36B1B /* AppDelegate.swift */,
			);
			path = Delegates;
			sourceTree = "<group>";
		};
		0C4A692A2C75F41C00E36B1B /* fiveMainVCs */ = {
			isa = PBXGroup;
			children = (
				0C4A69262C75ECCD00E36B1B /* BoardsVC.swift */,
				0C4A69172C75D2D100E36B1B /* ProfileViewController.swift */,
				0C4A68E82C75C80B00E36B1B /* ViewController.swift */,
				0C4A692B2C75F80A00E36B1B /* UserRequestsVC.swift */,
			);
			path = fiveMainVCs;
			sourceTree = "<group>";
		};
		0C4A69312C77335800E36B1B /* Miscellaneous */ = {
			isa = PBXGroup;
			children = (
				0C4A69222C75DCE300E36B1B /* cells.swift */,
				0C4A69202C75DBC600E36B1B /* Buttons.swift */,
				0C4A69132C75CCA700E36B1B /* Models.swift */,
				0C4A690F2C75CC0900E36B1B /* Extensions.swift */,
			);
			path = Miscellaneous;
			sourceTree = "<group>";
		};
		0CFDA5165DF20CFACF4A56CE /* Frameworks */ = {
			isa = PBXGroup;
			children = (
				AA02C32146A51409D747CCBA /* Pods_OtefIsrael.framework */,
			);
			name = Frameworks;
			sourceTree = "<group>";
		};
		D653390F779ADF1B0D45E45C /* Pods */ = {
			isa = PBXGroup;
			children = (
				5F9D2FE6AF2F036AA5B08874 /* Pods-OtefIsrael.debug.xcconfig */,
				041D3326E780D33B84619538 /* Pods-OtefIsrael.release.xcconfig */,
			);
			path = Pods;
			sourceTree = "<group>";
		};
/* End PBXGroup section */

/* Begin PBXNativeTarget section */
		0C4A68E02C75C80B00E36B1B /* OtefIsrael */ = {
			isa = PBXNativeTarget;
			buildConfigurationList = 0C4A68F52C75C80C00E36B1B /* Build configuration list for PBXNativeTarget "OtefIsrael" */;
			buildPhases = (
				04B5E92A33D3CBCA1FEE8F17 /* [CP] Check Pods Manifest.lock */,
				0C4A68DD2C75C80B00E36B1B /* Sources */,
				0C4A68DE2C75C80B00E36B1B /* Frameworks */,
				0C4A68DF2C75C80B00E36B1B /* Resources */,
				92F52F68F50005F28063BE3D /* [CP] Embed Pods Frameworks */,
			);
			buildRules = (
			);
			dependencies = (
			);
			name = OtefIsrael;
			productName = OtefIsrael;
			productReference = 0C4A68E12C75C80B00E36B1B /* OtefIsrael.app */;
			productType = "com.apple.product-type.application";
		};
/* End PBXNativeTarget section */

/* Begin PBXProject section */
		0C4A68D92C75C80B00E36B1B /* Project object */ = {
			isa = PBXProject;
			attributes = {
				BuildIndependentTargetsInParallel = 1;
				LastSwiftUpdateCheck = 1540;
				LastUpgradeCheck = 1540;
				TargetAttributes = {
					0C4A68E02C75C80B00E36B1B = {
						CreatedOnToolsVersion = 15.4;
					};
				};
			};
			buildConfigurationList = 0C4A68DC2C75C80B00E36B1B /* Build configuration list for PBXProject "OtefIsrael" */;
			compatibilityVersion = "Xcode 14.0";
			developmentRegion = en;
			hasScannedForEncodings = 0;
			knownRegions = (
				en,
				Base,
			);
			mainGroup = 0C4A68D82C75C80B00E36B1B;
			productRefGroup = 0C4A68E22C75C80B00E36B1B /* Products */;
			projectDirPath = "";
			projectRoot = "";
			targets = (
				0C4A68E02C75C80B00E36B1B /* OtefIsrael */,
			);
		};
/* End PBXProject section */

/* Begin PBXResourcesBuildPhase section */
		0C4A68DF2C75C80B00E36B1B /* Resources */ = {
			isa = PBXResourcesBuildPhase;
			buildActionMask = 2147483647;
			files = (
				0C4A68EE2C75C80C00E36B1B /* Assets.xcassets in Resources */,
				0C4A69162C75CDDF00E36B1B /* GoogleService-Info.plist in Resources */,
				0C4A68F12C75C80C00E36B1B /* Base in Resources */,
				0C4A68EC2C75C80B00E36B1B /* Base in Resources */,
			);
			runOnlyForDeploymentPostprocessing = 0;
		};
/* End PBXResourcesBuildPhase section */

/* Begin PBXShellScriptBuildPhase section */
		04B5E92A33D3CBCA1FEE8F17 /* [CP] Check Pods Manifest.lock */ = {
			isa = PBXShellScriptBuildPhase;
			buildActionMask = 2147483647;
			files = (
			);
			inputFileListPaths = (
			);
			inputPaths = (
				"${PODS_PODFILE_DIR_PATH}/Podfile.lock",
				"${PODS_ROOT}/Manifest.lock",
			);
			name = "[CP] Check Pods Manifest.lock";
			outputFileListPaths = (
			);
			outputPaths = (
				"$(DERIVED_FILE_DIR)/Pods-OtefIsrael-checkManifestLockResult.txt",
			);
			runOnlyForDeploymentPostprocessing = 0;
			shellPath = /bin/sh;
			shellScript = "diff \"${PODS_PODFILE_DIR_PATH}/Podfile.lock\" \"${PODS_ROOT}/Manifest.lock\" > /dev/null\nif [ $? != 0 ] ; then\n    # print error to STDERR\n    echo \"error: The sandbox is not in sync with the Podfile.lock. Run 'pod install' or update your CocoaPods installation.\" >&2\n    exit 1\nfi\n# This output is used by Xcode 'outputs' to avoid re-running this script phase.\necho \"SUCCESS\" > \"${SCRIPT_OUTPUT_FILE_0}\"\n";
			showEnvVarsInLog = 0;
		};
		92F52F68F50005F28063BE3D /* [CP] Embed Pods Frameworks */ = {
			isa = PBXShellScriptBuildPhase;
			buildActionMask = 2147483647;
			files = (
			);
			inputFileListPaths = (
				"${PODS_ROOT}/Target Support Files/Pods-OtefIsrael/Pods-OtefIsrael-frameworks-${CONFIGURATION}-input-files.xcfilelist",
			);
			name = "[CP] Embed Pods Frameworks";
			outputFileListPaths = (
				"${PODS_ROOT}/Target Support Files/Pods-OtefIsrael/Pods-OtefIsrael-frameworks-${CONFIGURATION}-output-files.xcfilelist",
			);
			runOnlyForDeploymentPostprocessing = 0;
			shellPath = /bin/sh;
			shellScript = "\"${PODS_ROOT}/Target Support Files/Pods-OtefIsrael/Pods-OtefIsrael-frameworks.sh\"\n";
			showEnvVarsInLog = 0;
		};
/* End PBXShellScriptBuildPhase section */

/* Begin PBXSourcesBuildPhase section */
		0C4A68DD2C75C80B00E36B1B /* Sources */ = {
			isa = PBXSourcesBuildPhase;
			buildActionMask = 2147483647;
			files = (
				0C4A68FD2C75CA0700E36B1B /* LoginViewController.swift in Sources */,
				0C4A69292C75ED4300E36B1B /* SpecificBoardVC.swift in Sources */,
				0C4A68E92C75C80B00E36B1B /* ViewController.swift in Sources */,
				0C4A69352C775A3600E36B1B /* DemandVC.swift in Sources */,
				0C4A68FF2C75CA1400E36B1B /* RegisterViewController.swift in Sources */,
				0C4A69252C75E2E800E36B1B /* RequestDetailViewController.swift in Sources */,
				0C4A691B2C75D6E200E36B1B /* VolunteerVC.swift in Sources */,
				0C4A692C2C75F80A00E36B1B /* UserRequestsVC.swift in Sources */,
				0C4A69332C7754C700E36B1B /* FilterViewController.swift in Sources */,
				0C4A69142C75CCA700E36B1B /* Models.swift in Sources */,
				0C4A690E2C75CB5600E36B1B /* StorageManager.swift in Sources */,
				0C4A69212C75DBC600E36B1B /* Buttons.swift in Sources */,
				0C4A68E52C75C80B00E36B1B /* AppDelegate.swift in Sources */,
				0C4A68E72C75C80B00E36B1B /* SceneDelegate.swift in Sources */,
				0C4A68FB2C75C9EF00E36B1B /* WebViewController.swift in Sources */,
				0C4A69302C772B3300E36B1B /* CategoryManager.swift in Sources */,
				0C4A68F92C75C9DF00E36B1B /* SplashViewController.swift in Sources */,
				0C4A69232C75DCE300E36B1B /* cells.swift in Sources */,
				0C4A69092C75CB5600E36B1B /* DatabaseManager.swift in Sources */,
				0C4A69182C75D2D100E36B1B /* ProfileViewController.swift in Sources */,
				0C4A69102C75CC0900E36B1B /* Extensions.swift in Sources */,
				0C4A692E2C77295D00E36B1B /* categoriesVC.swift in Sources */,
				0C4A69272C75ECCD00E36B1B /* BoardsVC.swift in Sources */,
				0C4A690D2C75CB5600E36B1B /* SpinnerManager.swift in Sources */,
			);
			runOnlyForDeploymentPostprocessing = 0;
		};
/* End PBXSourcesBuildPhase section */

/* Begin PBXVariantGroup section */
		0C4A68EA2C75C80B00E36B1B /* Main.storyboard */ = {
			isa = PBXVariantGroup;
			children = (
				0C4A68EB2C75C80B00E36B1B /* Base */,
			);
			name = Main.storyboard;
			sourceTree = "<group>";
		};
		0C4A68EF2C75C80C00E36B1B /* LaunchScreen.storyboard */ = {
			isa = PBXVariantGroup;
			children = (
				0C4A68F02C75C80C00E36B1B /* Base */,
			);
			name = LaunchScreen.storyboard;
			sourceTree = "<group>";
		};
/* End PBXVariantGroup section */

/* Begin XCBuildConfiguration section */
		0C4A68F32C75C80C00E36B1B /* Debug */ = {
			isa = XCBuildConfiguration;
			buildSettings = {
				ALWAYS_SEARCH_USER_PATHS = NO;
				ASSETCATALOG_COMPILER_GENERATE_SWIFT_ASSET_SYMBOL_EXTENSIONS = YES;
				CLANG_ANALYZER_NONNULL = YES;
				CLANG_ANALYZER_NUMBER_OBJECT_CONVERSION = YES_AGGRESSIVE;
				CLANG_CXX_LANGUAGE_STANDARD = "gnu++20";
				CLANG_ENABLE_MODULES = YES;
				CLANG_ENABLE_OBJC_ARC = YES;
				CLANG_ENABLE_OBJC_WEAK = YES;
				CLANG_WARN_BLOCK_CAPTURE_AUTORELEASING = YES;
				CLANG_WARN_BOOL_CONVERSION = YES;
				CLANG_WARN_COMMA = YES;
				CLANG_WARN_CONSTANT_CONVERSION = YES;
				CLANG_WARN_DEPRECATED_OBJC_IMPLEMENTATIONS = YES;
				CLANG_WARN_DIRECT_OBJC_ISA_USAGE = YES_ERROR;
				CLANG_WARN_DOCUMENTATION_COMMENTS = YES;
				CLANG_WARN_EMPTY_BODY = YES;
				CLANG_WARN_ENUM_CONVERSION = YES;
				CLANG_WARN_INFINITE_RECURSION = YES;
				CLANG_WARN_INT_CONVERSION = YES;
				CLANG_WARN_NON_LITERAL_NULL_CONVERSION = YES;
				CLANG_WARN_OBJC_IMPLICIT_RETAIN_SELF = YES;
				CLANG_WARN_OBJC_LITERAL_CONVERSION = YES;
				CLANG_WARN_OBJC_ROOT_CLASS = YES_ERROR;
				CLANG_WARN_QUOTED_INCLUDE_IN_FRAMEWORK_HEADER = YES;
				CLANG_WARN_RANGE_LOOP_ANALYSIS = YES;
				CLANG_WARN_STRICT_PROTOTYPES = YES;
				CLANG_WARN_SUSPICIOUS_MOVE = YES;
				CLANG_WARN_UNGUARDED_AVAILABILITY = YES_AGGRESSIVE;
				CLANG_WARN_UNREACHABLE_CODE = YES;
				CLANG_WARN__DUPLICATE_METHOD_MATCH = YES;
				COPY_PHASE_STRIP = NO;
				DEBUG_INFORMATION_FORMAT = dwarf;
				ENABLE_STRICT_OBJC_MSGSEND = YES;
				ENABLE_TESTABILITY = YES;
				ENABLE_USER_SCRIPT_SANDBOXING = NO;
				GCC_C_LANGUAGE_STANDARD = gnu17;
				GCC_DYNAMIC_NO_PIC = NO;
				GCC_NO_COMMON_BLOCKS = YES;
				GCC_OPTIMIZATION_LEVEL = 0;
				GCC_PREPROCESSOR_DEFINITIONS = (
					"DEBUG=1",
					"$(inherited)",
				);
				GCC_WARN_64_TO_32_BIT_CONVERSION = YES;
				GCC_WARN_ABOUT_RETURN_TYPE = YES_ERROR;
				GCC_WARN_UNDECLARED_SELECTOR = YES;
				GCC_WARN_UNINITIALIZED_AUTOS = YES_AGGRESSIVE;
				GCC_WARN_UNUSED_FUNCTION = YES;
				GCC_WARN_UNUSED_VARIABLE = YES;
				IPHONEOS_DEPLOYMENT_TARGET = 17.5;
				LOCALIZATION_PREFERS_STRING_CATALOGS = YES;
				MTL_ENABLE_DEBUG_INFO = INCLUDE_SOURCE;
				MTL_FAST_MATH = YES;
				ONLY_ACTIVE_ARCH = YES;
				SDKROOT = iphoneos;
				SWIFT_ACTIVE_COMPILATION_CONDITIONS = "DEBUG $(inherited)";
				SWIFT_OPTIMIZATION_LEVEL = "-Onone";
			};
			name = Debug;
		};
		0C4A68F42C75C80C00E36B1B /* Release */ = {
			isa = XCBuildConfiguration;
			buildSettings = {
				ALWAYS_SEARCH_USER_PATHS = NO;
				ASSETCATALOG_COMPILER_GENERATE_SWIFT_ASSET_SYMBOL_EXTENSIONS = YES;
				CLANG_ANALYZER_NONNULL = YES;
				CLANG_ANALYZER_NUMBER_OBJECT_CONVERSION = YES_AGGRESSIVE;
				CLANG_CXX_LANGUAGE_STANDARD = "gnu++20";
				CLANG_ENABLE_MODULES = YES;
				CLANG_ENABLE_OBJC_ARC = YES;
				CLANG_ENABLE_OBJC_WEAK = YES;
				CLANG_WARN_BLOCK_CAPTURE_AUTORELEASING = YES;
				CLANG_WARN_BOOL_CONVERSION = YES;
				CLANG_WARN_COMMA = YES;
				CLANG_WARN_CONSTANT_CONVERSION = YES;
				CLANG_WARN_DEPRECATED_OBJC_IMPLEMENTATIONS = YES;
				CLANG_WARN_DIRECT_OBJC_ISA_USAGE = YES_ERROR;
				CLANG_WARN_DOCUMENTATION_COMMENTS = YES;
				CLANG_WARN_EMPTY_BODY = YES;
				CLANG_WARN_ENUM_CONVERSION = YES;
				CLANG_WARN_INFINITE_RECURSION = YES;
				CLANG_WARN_INT_CONVERSION = YES;
				CLANG_WARN_NON_LITERAL_NULL_CONVERSION = YES;
				CLANG_WARN_OBJC_IMPLICIT_RETAIN_SELF = YES;
				CLANG_WARN_OBJC_LITERAL_CONVERSION = YES;
				CLANG_WARN_OBJC_ROOT_CLASS = YES_ERROR;
				CLANG_WARN_QUOTED_INCLUDE_IN_FRAMEWORK_HEADER = YES;
				CLANG_WARN_RANGE_LOOP_ANALYSIS = YES;
				CLANG_WARN_STRICT_PROTOTYPES = YES;
				CLANG_WARN_SUSPICIOUS_MOVE = YES;
				CLANG_WARN_UNGUARDED_AVAILABILITY = YES_AGGRESSIVE;
				CLANG_WARN_UNREACHABLE_CODE = YES;
				CLANG_WARN__DUPLICATE_METHOD_MATCH = YES;
				COPY_PHASE_STRIP = NO;
				DEBUG_INFORMATION_FORMAT = "dwarf-with-dsym";
				ENABLE_NS_ASSERTIONS = NO;
				ENABLE_STRICT_OBJC_MSGSEND = YES;
				ENABLE_USER_SCRIPT_SANDBOXING = NO;
				GCC_C_LANGUAGE_STANDARD = gnu17;
				GCC_NO_COMMON_BLOCKS = YES;
				GCC_WARN_64_TO_32_BIT_CONVERSION = YES;
				GCC_WARN_ABOUT_RETURN_TYPE = YES_ERROR;
				GCC_WARN_UNDECLARED_SELECTOR = YES;
				GCC_WARN_UNINITIALIZED_AUTOS = YES_AGGRESSIVE;
				GCC_WARN_UNUSED_FUNCTION = YES;
				GCC_WARN_UNUSED_VARIABLE = YES;
				IPHONEOS_DEPLOYMENT_TARGET = 17.5;
				LOCALIZATION_PREFERS_STRING_CATALOGS = YES;
				MTL_ENABLE_DEBUG_INFO = NO;
				MTL_FAST_MATH = YES;
				SDKROOT = iphoneos;
				SWIFT_COMPILATION_MODE = wholemodule;
				VALIDATE_PRODUCT = YES;
			};
			name = Release;
		};
		0C4A68F62C75C80C00E36B1B /* Debug */ = {
			isa = XCBuildConfiguration;
			baseConfigurationReference = 5F9D2FE6AF2F036AA5B08874 /* Pods-OtefIsrael.debug.xcconfig */;
			buildSettings = {
				ASSETCATALOG_COMPILER_APPICON_NAME = AppIcon;
				ASSETCATALOG_COMPILER_GLOBAL_ACCENT_COLOR_NAME = AccentColor;
				CODE_SIGN_STYLE = Automatic;
				CURRENT_PROJECT_VERSION = 1;
				DEVELOPMENT_TEAM = 7XRFZ7XJ83;
				GENERATE_INFOPLIST_FILE = YES;
				INFOPLIST_FILE = OtefIsrael/Info.plist;
				INFOPLIST_KEY_UIApplicationSupportsIndirectInputEvents = YES;
				INFOPLIST_KEY_UILaunchStoryboardName = LaunchScreen;
				INFOPLIST_KEY_UIMainStoryboardFile = Main;
				INFOPLIST_KEY_UISupportedInterfaceOrientations_iPad = "UIInterfaceOrientationPortrait UIInterfaceOrientationPortraitUpsideDown UIInterfaceOrientationLandscapeLeft UIInterfaceOrientationLandscapeRight";
				INFOPLIST_KEY_UISupportedInterfaceOrientations_iPhone = "UIInterfaceOrientationPortrait UIInterfaceOrientationLandscapeLeft UIInterfaceOrientationLandscapeRight";
				LD_RUNPATH_SEARCH_PATHS = (
					"$(inherited)",
					"@executable_path/Frameworks",
				);
				MARKETING_VERSION = 1.0;
				PRODUCT_BUNDLE_IDENTIFIER = HangPosters.OtefIsrael;
				PRODUCT_NAME = "$(TARGET_NAME)";
				SWIFT_EMIT_LOC_STRINGS = YES;
				SWIFT_VERSION = 5.0;
				TARGETED_DEVICE_FAMILY = "1,2";
			};
			name = Debug;
		};
		0C4A68F72C75C80C00E36B1B /* Release */ = {
			isa = XCBuildConfiguration;
			baseConfigurationReference = 041D3326E780D33B84619538 /* Pods-OtefIsrael.release.xcconfig */;
			buildSettings = {
				ASSETCATALOG_COMPILER_APPICON_NAME = AppIcon;
				ASSETCATALOG_COMPILER_GLOBAL_ACCENT_COLOR_NAME = AccentColor;
				CODE_SIGN_STYLE = Automatic;
				CURRENT_PROJECT_VERSION = 1;
				DEVELOPMENT_TEAM = 7XRFZ7XJ83;
				GENERATE_INFOPLIST_FILE = YES;
				INFOPLIST_FILE = OtefIsrael/Info.plist;
				INFOPLIST_KEY_UIApplicationSupportsIndirectInputEvents = YES;
				INFOPLIST_KEY_UILaunchStoryboardName = LaunchScreen;
				INFOPLIST_KEY_UIMainStoryboardFile = Main;
				INFOPLIST_KEY_UISupportedInterfaceOrientations_iPad = "UIInterfaceOrientationPortrait UIInterfaceOrientationPortraitUpsideDown UIInterfaceOrientationLandscapeLeft UIInterfaceOrientationLandscapeRight";
				INFOPLIST_KEY_UISupportedInterfaceOrientations_iPhone = "UIInterfaceOrientationPortrait UIInterfaceOrientationLandscapeLeft UIInterfaceOrientationLandscapeRight";
				LD_RUNPATH_SEARCH_PATHS = (
					"$(inherited)",
					"@executable_path/Frameworks",
				);
				MARKETING_VERSION = 1.0;
				PRODUCT_BUNDLE_IDENTIFIER = HangPosters.OtefIsrael;
				PRODUCT_NAME = "$(TARGET_NAME)";
				SWIFT_EMIT_LOC_STRINGS = YES;
				SWIFT_VERSION = 5.0;
				TARGETED_DEVICE_FAMILY = "1,2";
			};
			name = Release;
		};
/* End XCBuildConfiguration section */

/* Begin XCConfigurationList section */
		0C4A68DC2C75C80B00E36B1B /* Build configuration list for PBXProject "OtefIsrael" */ = {
			isa = XCConfigurationList;
			buildConfigurations = (
				0C4A68F32C75C80C00E36B1B /* Debug */,
				0C4A68F42C75C80C00E36B1B /* Release */,
			);
			defaultConfigurationIsVisible = 0;
			defaultConfigurationName = Release;
		};
		0C4A68F52C75C80C00E36B1B /* Build configuration list for PBXNativeTarget "OtefIsrael" */ = {
			isa = XCConfigurationList;
			buildConfigurations = (
				0C4A68F62C75C80C00E36B1B /* Debug */,
				0C4A68F72C75C80C00E36B1B /* Release */,
			);
			defaultConfigurationIsVisible = 0;
			defaultConfigurationName = Release;
		};
/* End XCConfigurationList section */
	};
	rootObject = 0C4A68D92C75C80B00E36B1B /* Project object */;
}
